
Microsoft Visual Studio Solution File, Format Version 12.00
# Visual Studio 2015
Project("{FAE04EC0-301F-11D3-BF4B-00C04F79EFBC}") = "Unity Test Game.CSharp", "Unity Test Game.CSharp.csproj", "{6975FB27-A516-AEBA-B802-27A5AAF5ECEC}"
EndProject
Global
	GlobalSection(SolutionConfigurationPlatforms) = preSolution
		Debug|Any CPU = Debug|Any CPU
		Release|Any CPU = Release|Any CPU
	EndGlobalSection
	GlobalSection(ProjectConfigurationPlatforms) = postSolution
		{6975FB27-A516-AEBA-B802-27A5AAF5ECEC}.Debug|Any CPU.ActiveCfg = Debug|Any CPU
		{6975FB27-A516-AEBA-B802-27A5AAF5ECEC}.Debug|Any CPU.Build.0 = Debug|Any CPU
		{6975FB27-A516-AEBA-B802-27A5AAF5ECEC}.Release|Any CPU.ActiveCfg = Release|Any CPU
		{6975FB27-A516-AEBA-B802-27A5AAF5ECEC}.Release|Any CPU.Build.0 = Release|Any CPU
	EndGlobalSection
	GlobalSection(SolutionProperties) = preSolution
		HideSolutionNode = FALSE
	EndGlobalSection
EndGlobal
